Microsoft Visual Studio Solution File, Format Version 12.00
# Visual Studio 15
VisualStudioVersion = 15.0.27004.2006
MinimumVisualStudioVersion = 15.0.26124.0
Project("{9A19103F-16F7-4668-BE54-9A1E7A4F7556}") = "Mingle", "src\Mingle.csproj", "{CEFF1957-3FC2-40F7-AF17-23493C60FEF7}"
EndProject
Project("{9A19103F-16F7-4668-BE54-9A1E7A4F7556}") = "Mingle.Tests", "test\Mingle.Tests.csproj", "{0753333B-5E98-4EA6-84D8-1EC9EF926438}"
EndProject
Global
	GlobalSection(SolutionConfigurationPlatforms) = preSolution
		Debug|Any CPU = Debug|Any CPU
		Debug|x64 = Debug|x64
		Debug|x86 = Debug|x86
		Release|Any CPU = Release|Any CPU
		Release|x64 = Release|x64
		Release|x86 = Release|x86
	EndGlobalSection
	GlobalSection(ProjectConfigurationPlatforms) = postSolution
		{CEFF1957-3FC2-40F7-AF17-23493C60FEF7}.Debug|Any CPU.ActiveCfg = Debug|Any CPU
		{CEFF1957-3FC2-40F7-AF17-23493C60FEF7}.Debug|Any CPU.Build.0 = Debug|Any CPU
		{CEFF1957-3FC2-40F7-AF17-23493C60FEF7}.Debug|x64.ActiveCfg = Debug|Any CPU
		{CEFF1957-3FC2-40F7-AF17-23493C60FEF7}.Debug|x64.Build.0 = Debug|Any CPU
		{CEFF1957-3FC2-40F7-AF17-23493C60FEF7}.Debug|x86.ActiveCfg = Debug|Any CPU
		{CEFF1957-3FC2-40F7-AF17-23493C60FEF7}.Debug|x86.Build.0 = Debug|Any CPU
		{CEFF1957-3FC2-40F7-AF17-23493C60FEF7}.Release|Any CPU.ActiveCfg = Release|Any CPU
		{CEFF1957-3FC2-40F7-AF17-23493C60FEF7}.Release|Any CPU.Build.0 = Release|Any CPU
		{CEFF1957-3FC2-40F7-AF17-23493C60FEF7}.Release|x64.ActiveCfg = Release|Any CPU
		{CEFF1957-3FC2-40F7-AF17-23493C60FEF7}.Release|x64.Build.0 = Release|Any CPU
		{CEFF1957-3FC2-40F7-AF17-23493C60FEF7}.Release|x86.ActiveCfg = Release|Any CPU
		{CEFF1957-3FC2-40F7-AF17-23493C60FEF7}.Release|x86.Build.0 = Release|Any CPU
		{0753333B-5E98-4EA6-84D8-1EC9EF926438}.Debug|Any CPU.ActiveCfg = Debug|Any CPU
		{0753333B-5E98-4EA6-84D8-1EC9EF926438}.Debug|Any CPU.Build.0 = Debug|Any CPU
		{0753333B-5E98-4EA6-84D8-1EC9EF926438}.Debug|x64.ActiveCfg = Debug|Any CPU
		{0753333B-5E98-4EA6-84D8-1EC9EF926438}.Debug|x64.Build.0 = Debug|Any CPU
		{0753333B-5E98-4EA6-84D8-1EC9EF926438}.Debug|x86.ActiveCfg = Debug|Any CPU
		{0753333B-5E98-4EA6-84D8-1EC9EF926438}.Debug|x86.Build.0 = Debug|Any CPU
		{0753333B-5E98-4EA6-84D8-1EC9EF926438}.Release|Any CPU.ActiveCfg = Release|Any CPU
		{0753333B-5E98-4EA6-84D8-1EC9EF926438}.Release|Any CPU.Build.0 = Release|Any CPU
		{0753333B-5E98-4EA6-84D8-1EC9EF926438}.Release|x64.ActiveCfg = Release|Any CPU
		{0753333B-5E98-4EA6-84D8-1EC9EF926438}.Release|x64.Build.0 = Release|Any CPU
		{0753333B-5E98-4EA6-84D8-1EC9EF926438}.Release|x86.ActiveCfg = Release|Any CPU
		{0753333B-5E98-4EA6-84D8-1EC9EF926438}.Release|x86.Build.0 = Release|Any CPU
	EndGlobalSection
	GlobalSection(SolutionProperties) = preSolution
		HideSolutionNode = FALSE
	EndGlobalSection
	GlobalSection(ExtensibilityGlobals) = postSolution
		SolutionGuid = {8F65A70E-F744-4B17-B832-22F9F10A0F09}
	EndGlobalSection
EndGlobal
